
Microsoft Visual Studio Solution File, Format Version 12.00
# Visual Studio Version 17
VisualStudioVersion = 17.12.35707.178
MinimumVisualStudioVersion = 10.0.40219.1
Project("{2150E333-8FDC-42A3-9474-1A3956D46DE8}") = "Services", "Services", "{0F13D27E-5B03-42D0-8D0B-39180EA2FB64}"
EndProject
Project("{2150E333-8FDC-42A3-9474-1A3956D46DE8}") = "BuildingBlocks", "BuildingBlocks", "{8D0E236B-BEF5-4972-9E75-896FA0C9614B}"
EndProject
Project("{2150E333-8FDC-42A3-9474-1A3956D46DE8}") = "AuthService", "AuthService", "{FF7A6D8A-4DD1-4DD7-814F-508EED6B2C58}"
EndProject
Project("{FAE04EC0-301F-11D3-BF4B-00C04F79EFBC}") = "AuthService.Api", "AuthService.Api\AuthService.Api.csproj", "{21CA0811-0D8E-415C-A3FC-AED0CE5B8B5D}"
	ProjectSection(ProjectDependencies) = postProject
		{3064C2E7-13C3-4CE7-82D8-8795ABD98CBC} = {3064C2E7-13C3-4CE7-82D8-8795ABD98CBC}
		{65CABEF4-E7D3-4276-B855-6F54CA0B9C9A} = {65CABEF4-E7D3-4276-B855-6F54CA0B9C9A}
	EndProjectSection
EndProject
Project("{FAE04EC0-301F-11D3-BF4B-00C04F79EFBC}") = "AuthService.Application", "AuthService.Application\AuthService.Application.csproj", "{65CABEF4-E7D3-4276-B855-6F54CA0B9C9A}"
	ProjectSection(ProjectDependencies) = postProject
		{3064C2E7-13C3-4CE7-82D8-8795ABD98CBC} = {3064C2E7-13C3-4CE7-82D8-8795ABD98CBC}
		{9127CBBD-AE54-43D3-9A8B-76092AB22CAD} = {9127CBBD-AE54-43D3-9A8B-76092AB22CAD}
	EndProjectSection
EndProject
Project("{FAE04EC0-301F-11D3-BF4B-00C04F79EFBC}") = "AuthService.Domain", "AuthService.Domain\AuthService.Domain.csproj", "{3064C2E7-13C3-4CE7-82D8-8795ABD98CBC}"
EndProject
Project("{FAE04EC0-301F-11D3-BF4B-00C04F79EFBC}") = "AuthService.Infrastructure", "AuthService.Infrastructure\AuthService.Infrastructure.csproj", "{9127CBBD-AE54-43D3-9A8B-76092AB22CAD}"
	ProjectSection(ProjectDependencies) = postProject
		{3064C2E7-13C3-4CE7-82D8-8795ABD98CBC} = {3064C2E7-13C3-4CE7-82D8-8795ABD98CBC}
	EndProjectSection
EndProject
Project("{2150E333-8FDC-42A3-9474-1A3956D46DE8}") = "AuthorsService", "AuthorsService", "{C9118682-535D-4EC7-A648-675B1B0B4DCF}"
EndProject
Project("{FAE04EC0-301F-11D3-BF4B-00C04F79EFBC}") = "Authors.Api", "Authors.Api\Authors.Api.csproj", "{60B66B27-A160-43D4-A939-4DE3EEC0EA73}"
	ProjectSection(ProjectDependencies) = postProject
		{C46B7CA6-1D24-4FA3-A1EC-0D917ECF5DF1} = {C46B7CA6-1D24-4FA3-A1EC-0D917ECF5DF1}
		{D34693C6-09FA-4FF7-86DC-75AB81F65436} = {D34693C6-09FA-4FF7-86DC-75AB81F65436}
	EndProjectSection
EndProject
Project("{FAE04EC0-301F-11D3-BF4B-00C04F79EFBC}") = "Authors.Application", "Authors.Application\Authors.Application.csproj", "{C46B7CA6-1D24-4FA3-A1EC-0D917ECF5DF1}"
	ProjectSection(ProjectDependencies) = postProject
		{D34693C6-09FA-4FF7-86DC-75AB81F65436} = {D34693C6-09FA-4FF7-86DC-75AB81F65436}
	EndProjectSection
EndProject
Project("{FAE04EC0-301F-11D3-BF4B-00C04F79EFBC}") = "Authors.Domain", "Authors.Domain\Authors.Domain.csproj", "{D34693C6-09FA-4FF7-86DC-75AB81F65436}"
EndProject
Project("{FAE04EC0-301F-11D3-BF4B-00C04F79EFBC}") = "Authors.Infrastructure", "Authors.Infrastructure\Authors.Infrastructure.csproj", "{C9BA3B80-0E14-4331-9287-4535C98537A9}"
	ProjectSection(ProjectDependencies) = postProject
		{C46B7CA6-1D24-4FA3-A1EC-0D917ECF5DF1} = {C46B7CA6-1D24-4FA3-A1EC-0D917ECF5DF1}
		{D34693C6-09FA-4FF7-86DC-75AB81F65436} = {D34693C6-09FA-4FF7-86DC-75AB81F65436}
	EndProjectSection
EndProject
Project("{2150E333-8FDC-42A3-9474-1A3956D46DE8}") = "BooksService", "BooksService", "{48E14546-61ED-4B15-8572-11DD3DDF06D1}"
EndProject
Project("{FAE04EC0-301F-11D3-BF4B-00C04F79EFBC}") = "BooksService.Api", "BooksService.Api\BooksService.Api.csproj", "{74237327-79B3-4AF5-8601-76B6C9AEF1F7}"
	ProjectSection(ProjectDependencies) = postProject
		{39B4A974-9C78-4882-A4E5-D6D88139567A} = {39B4A974-9C78-4882-A4E5-D6D88139567A}
		{58AAC424-7B45-42F6-B87D-8C1F04BD35D8} = {58AAC424-7B45-42F6-B87D-8C1F04BD35D8}
		{D8A1313F-BB67-4941-A16B-D7AF301A54D5} = {D8A1313F-BB67-4941-A16B-D7AF301A54D5}
	EndProjectSection
EndProject
Project("{FAE04EC0-301F-11D3-BF4B-00C04F79EFBC}") = "BooksService.Application", "BooksService.Application\BooksService.Application.csproj", "{58AAC424-7B45-42F6-B87D-8C1F04BD35D8}"
	ProjectSection(ProjectDependencies) = postProject
		{D8A1313F-BB67-4941-A16B-D7AF301A54D5} = {D8A1313F-BB67-4941-A16B-D7AF301A54D5}
	EndProjectSection
EndProject
Project("{FAE04EC0-301F-11D3-BF4B-00C04F79EFBC}") = "BooksService.Domain", "BooksService.Domain\BooksService.Domain.csproj", "{D8A1313F-BB67-4941-A16B-D7AF301A54D5}"
EndProject
Project("{FAE04EC0-301F-11D3-BF4B-00C04F79EFBC}") = "BooksService.Infrastructure", "BooksService.Infrastructure\BooksService.Infrastructure.csproj", "{39B4A974-9C78-4882-A4E5-D6D88139567A}"
	ProjectSection(ProjectDependencies) = postProject
		{D8A1313F-BB67-4941-A16B-D7AF301A54D5} = {D8A1313F-BB67-4941-A16B-D7AF301A54D5}
	EndProjectSection
EndProject
Project("{2150E333-8FDC-42A3-9474-1A3956D46DE8}") = "EmailService", "EmailService", "{F8DD401D-211D-46C3-9897-5C7DC206F030}"
EndProject
Project("{FAE04EC0-301F-11D3-BF4B-00C04F79EFBC}") = "EmailService.Api", "EmailService.Api\EmailService.Api.csproj", "{0A9D9266-9E88-483E-AFEB-5A160183BDA0}"
	ProjectSection(ProjectDependencies) = postProject
		{688E5313-543D-42BE-BC50-3423612650B8} = {688E5313-543D-42BE-BC50-3423612650B8}
		{B2BBA230-0AB7-4357-923E-EC8547419877} = {B2BBA230-0AB7-4357-923E-EC8547419877}
		{E60622D6-8DF7-415B-934C-19C1BCE93151} = {E60622D6-8DF7-415B-934C-19C1BCE93151}
	EndProjectSection
EndProject
Project("{FAE04EC0-301F-11D3-BF4B-00C04F79EFBC}") = "EmailService.Application", "EmailService.Application\EmailService.Application.csproj", "{B2BBA230-0AB7-4357-923E-EC8547419877}"
	ProjectSection(ProjectDependencies) = postProject
		{E60622D6-8DF7-415B-934C-19C1BCE93151} = {E60622D6-8DF7-415B-934C-19C1BCE93151}
	EndProjectSection
EndProject
Project("{FAE04EC0-301F-11D3-BF4B-00C04F79EFBC}") = "EmailService.Domain", "EmailService.Domain\EmailService.Domain.csproj", "{E60622D6-8DF7-415B-934C-19C1BCE93151}"
EndProject
Project("{FAE04EC0-301F-11D3-BF4B-00C04F79EFBC}") = "EmailService.Infrastructure", "EmailService.Infrastructure\EmailService.Infrastructure.csproj", "{688E5313-543D-42BE-BC50-3423612650B8}"
	ProjectSection(ProjectDependencies) = postProject
		{B2BBA230-0AB7-4357-923E-EC8547419877} = {B2BBA230-0AB7-4357-923E-EC8547419877}
		{E60622D6-8DF7-415B-934C-19C1BCE93151} = {E60622D6-8DF7-415B-934C-19C1BCE93151}
	EndProjectSection
EndProject
Project("{2150E333-8FDC-42A3-9474-1A3956D46DE8}") = "ApiGateway", "ApiGateway", "{0238240E-0D68-4B36-A645-C75C8819C179}"
EndProject
Project("{FAE04EC0-301F-11D3-BF4B-00C04F79EFBC}") = "ApiGateWay", "ApiGateWay\ApiGateWay.csproj", "{A22773DF-05D4-43B0-8667-A722A50AB723}"
EndProject
Global
	GlobalSection(SolutionConfigurationPlatforms) = preSolution
		Debug|Any CPU = Debug|Any CPU
		Release|Any CPU = Release|Any CPU
	EndGlobalSection
	GlobalSection(ProjectConfigurationPlatforms) = postSolution
		{21CA0811-0D8E-415C-A3FC-AED0CE5B8B5D}.Debug|Any CPU.ActiveCfg = Debug|Any CPU
		{21CA0811-0D8E-415C-A3FC-AED0CE5B8B5D}.Debug|Any CPU.Build.0 = Debug|Any CPU
		{21CA0811-0D8E-415C-A3FC-AED0CE5B8B5D}.Release|Any CPU.ActiveCfg = Release|Any CPU
		{21CA0811-0D8E-415C-A3FC-AED0CE5B8B5D}.Release|Any CPU.Build.0 = Release|Any CPU
		{65CABEF4-E7D3-4276-B855-6F54CA0B9C9A}.Debug|Any CPU.ActiveCfg = Debug|Any CPU
		{65CABEF4-E7D3-4276-B855-6F54CA0B9C9A}.Debug|Any CPU.Build.0 = Debug|Any CPU
		{65CABEF4-E7D3-4276-B855-6F54CA0B9C9A}.Release|Any CPU.ActiveCfg = Release|Any CPU
		{65CABEF4-E7D3-4276-B855-6F54CA0B9C9A}.Release|Any CPU.Build.0 = Release|Any CPU
		{3064C2E7-13C3-4CE7-82D8-8795ABD98CBC}.Debug|Any CPU.ActiveCfg = Debug|Any CPU
		{3064C2E7-13C3-4CE7-82D8-8795ABD98CBC}.Debug|Any CPU.Build.0 = Debug|Any CPU
		{3064C2E7-13C3-4CE7-82D8-8795ABD98CBC}.Release|Any CPU.ActiveCfg = Release|Any CPU
		{3064C2E7-13C3-4CE7-82D8-8795ABD98CBC}.Release|Any CPU.Build.0 = Release|Any CPU
		{9127CBBD-AE54-43D3-9A8B-76092AB22CAD}.Debug|Any CPU.ActiveCfg = Debug|Any CPU
		{9127CBBD-AE54-43D3-9A8B-76092AB22CAD}.Debug|Any CPU.Build.0 = Debug|Any CPU
		{9127CBBD-AE54-43D3-9A8B-76092AB22CAD}.Release|Any CPU.ActiveCfg = Release|Any CPU
		{9127CBBD-AE54-43D3-9A8B-76092AB22CAD}.Release|Any CPU.Build.0 = Release|Any CPU
		{60B66B27-A160-43D4-A939-4DE3EEC0EA73}.Debug|Any CPU.ActiveCfg = Debug|Any CPU
		{60B66B27-A160-43D4-A939-4DE3EEC0EA73}.Debug|Any CPU.Build.0 = Debug|Any CPU
		{60B66B27-A160-43D4-A939-4DE3EEC0EA73}.Release|Any CPU.ActiveCfg = Release|Any CPU
		{60B66B27-A160-43D4-A939-4DE3EEC0EA73}.Release|Any CPU.Build.0 = Release|Any CPU
		{C46B7CA6-1D24-4FA3-A1EC-0D917ECF5DF1}.Debug|Any CPU.ActiveCfg = Debug|Any CPU
		{C46B7CA6-1D24-4FA3-A1EC-0D917ECF5DF1}.Debug|Any CPU.Build.0 = Debug|Any CPU
		{C46B7CA6-1D24-4FA3-A1EC-0D917ECF5DF1}.Release|Any CPU.ActiveCfg = Release|Any CPU
		{C46B7CA6-1D24-4FA3-A1EC-0D917ECF5DF1}.Release|Any CPU.Build.0 = Release|Any CPU
		{D34693C6-09FA-4FF7-86DC-75AB81F65436}.Debug|Any CPU.ActiveCfg = Debug|Any CPU
		{D34693C6-09FA-4FF7-86DC-75AB81F65436}.Debug|Any CPU.Build.0 = Debug|Any CPU
		{D34693C6-09FA-4FF7-86DC-75AB81F65436}.Release|Any CPU.ActiveCfg = Release|Any CPU
		{D34693C6-09FA-4FF7-86DC-75AB81F65436}.Release|Any CPU.Build.0 = Release|Any CPU
		{C9BA3B80-0E14-4331-9287-4535C98537A9}.Debug|Any CPU.ActiveCfg = Debug|Any CPU
		{C9BA3B80-0E14-4331-9287-4535C98537A9}.Debug|Any CPU.Build.0 = Debug|Any CPU
		{C9BA3B80-0E14-4331-9287-4535C98537A9}.Release|Any CPU.ActiveCfg = Release|Any CPU
		{C9BA3B80-0E14-4331-9287-4535C98537A9}.Release|Any CPU.Build.0 = Release|Any CPU
		{74237327-79B3-4AF5-8601-76B6C9AEF1F7}.Debug|Any CPU.ActiveCfg = Debug|Any CPU
		{74237327-79B3-4AF5-8601-76B6C9AEF1F7}.Debug|Any CPU.Build.0 = Debug|Any CPU
		{74237327-79B3-4AF5-8601-76B6C9AEF1F7}.Release|Any CPU.ActiveCfg = Release|Any CPU
		{74237327-79B3-4AF5-8601-76B6C9AEF1F7}.Release|Any CPU.Build.0 = Release|Any CPU
		{58AAC424-7B45-42F6-B87D-8C1F04BD35D8}.Debug|Any CPU.ActiveCfg = Debug|Any CPU
		{58AAC424-7B45-42F6-B87D-8C1F04BD35D8}.Debug|Any CPU.Build.0 = Debug|Any CPU
		{58AAC424-7B45-42F6-B87D-8C1F04BD35D8}.Release|Any CPU.ActiveCfg = Release|Any CPU
		{58AAC424-7B45-42F6-B87D-8C1F04BD35D8}.Release|Any CPU.Build.0 = Release|Any CPU
		{D8A1313F-BB67-4941-A16B-D7AF301A54D5}.Debug|Any CPU.ActiveCfg = Debug|Any CPU
		{D8A1313F-BB67-4941-A16B-D7AF301A54D5}.Debug|Any CPU.Build.0 = Debug|Any CPU
		{D8A1313F-BB67-4941-A16B-D7AF301A54D5}.Release|Any CPU.ActiveCfg = Release|Any CPU
		{D8A1313F-BB67-4941-A16B-D7AF301A54D5}.Release|Any CPU.Build.0 = Release|Any CPU
		{39B4A974-9C78-4882-A4E5-D6D88139567A}.Debug|Any CPU.ActiveCfg = Debug|Any CPU
		{39B4A974-9C78-4882-A4E5-D6D88139567A}.Debug|Any CPU.Build.0 = Debug|Any CPU
		{39B4A974-9C78-4882-A4E5-D6D88139567A}.Release|Any CPU.ActiveCfg = Release|Any CPU
		{39B4A974-9C78-4882-A4E5-D6D88139567A}.Release|Any CPU.Build.0 = Release|Any CPU
		{0A9D9266-9E88-483E-AFEB-5A160183BDA0}.Debug|Any CPU.ActiveCfg = Debug|Any CPU
		{0A9D9266-9E88-483E-AFEB-5A160183BDA0}.Debug|Any CPU.Build.0 = Debug|Any CPU
		{0A9D9266-9E88-483E-AFEB-5A160183BDA0}.Release|Any CPU.ActiveCfg = Release|Any CPU
		{0A9D9266-9E88-483E-AFEB-5A160183BDA0}.Release|Any CPU.Build.0 = Release|Any CPU
		{B2BBA230-0AB7-4357-923E-EC8547419877}.Debug|Any CPU.ActiveCfg = Debug|Any CPU
		{B2BBA230-0AB7-4357-923E-EC8547419877}.Debug|Any CPU.Build.0 = Debug|Any CPU
		{B2BBA230-0AB7-4357-923E-EC8547419877}.Release|Any CPU.ActiveCfg = Release|Any CPU
		{B2BBA230-0AB7-4357-923E-EC8547419877}.Release|Any CPU.Build.0 = Release|Any CPU
		{E60622D6-8DF7-415B-934C-19C1BCE93151}.Debug|Any CPU.ActiveCfg = Debug|Any CPU
		{E60622D6-8DF7-415B-934C-19C1BCE93151}.Debug|Any CPU.Build.0 = Debug|Any CPU
		{E60622D6-8DF7-415B-934C-19C1BCE93151}.Release|Any CPU.ActiveCfg = Release|Any CPU
		{E60622D6-8DF7-415B-934C-19C1BCE93151}.Release|Any CPU.Build.0 = Release|Any CPU
		{688E5313-543D-42BE-BC50-3423612650B8}.Debug|Any CPU.ActiveCfg = Debug|Any CPU
		{688E5313-543D-42BE-BC50-3423612650B8}.Debug|Any CPU.Build.0 = Debug|Any CPU
		{688E5313-543D-42BE-BC50-3423612650B8}.Release|Any CPU.ActiveCfg = Release|Any CPU
		{688E5313-543D-42BE-BC50-3423612650B8}.Release|Any CPU.Build.0 = Release|Any CPU
		{A22773DF-05D4-43B0-8667-A722A50AB723}.Debug|Any CPU.ActiveCfg = Debug|Any CPU
		{A22773DF-05D4-43B0-8667-A722A50AB723}.Debug|Any CPU.Build.0 = Debug|Any CPU
		{A22773DF-05D4-43B0-8667-A722A50AB723}.Release|Any CPU.ActiveCfg = Release|Any CPU
		{A22773DF-05D4-43B0-8667-A722A50AB723}.Release|Any CPU.Build.0 = Release|Any CPU
	EndGlobalSection
	GlobalSection(SolutionProperties) = preSolution
		HideSolutionNode = FALSE
	EndGlobalSection
	GlobalSection(NestedProjects) = preSolution
		{FF7A6D8A-4DD1-4DD7-814F-508EED6B2C58} = {0F13D27E-5B03-42D0-8D0B-39180EA2FB64}
		{21CA0811-0D8E-415C-A3FC-AED0CE5B8B5D} = {FF7A6D8A-4DD1-4DD7-814F-508EED6B2C58}
		{65CABEF4-E7D3-4276-B855-6F54CA0B9C9A} = {FF7A6D8A-4DD1-4DD7-814F-508EED6B2C58}
		{3064C2E7-13C3-4CE7-82D8-8795ABD98CBC} = {FF7A6D8A-4DD1-4DD7-814F-508EED6B2C58}
		{9127CBBD-AE54-43D3-9A8B-76092AB22CAD} = {FF7A6D8A-4DD1-4DD7-814F-508EED6B2C58}
		{C9118682-535D-4EC7-A648-675B1B0B4DCF} = {0F13D27E-5B03-42D0-8D0B-39180EA2FB64}
		{60B66B27-A160-43D4-A939-4DE3EEC0EA73} = {C9118682-535D-4EC7-A648-675B1B0B4DCF}
		{C46B7CA6-1D24-4FA3-A1EC-0D917ECF5DF1} = {C9118682-535D-4EC7-A648-675B1B0B4DCF}
		{D34693C6-09FA-4FF7-86DC-75AB81F65436} = {C9118682-535D-4EC7-A648-675B1B0B4DCF}
		{C9BA3B80-0E14-4331-9287-4535C98537A9} = {C9118682-535D-4EC7-A648-675B1B0B4DCF}
		{48E14546-61ED-4B15-8572-11DD3DDF06D1} = {0F13D27E-5B03-42D0-8D0B-39180EA2FB64}
		{74237327-79B3-4AF5-8601-76B6C9AEF1F7} = {48E14546-61ED-4B15-8572-11DD3DDF06D1}
		{58AAC424-7B45-42F6-B87D-8C1F04BD35D8} = {48E14546-61ED-4B15-8572-11DD3DDF06D1}
		{D8A1313F-BB67-4941-A16B-D7AF301A54D5} = {48E14546-61ED-4B15-8572-11DD3DDF06D1}
		{39B4A974-9C78-4882-A4E5-D6D88139567A} = {48E14546-61ED-4B15-8572-11DD3DDF06D1}
		{F8DD401D-211D-46C3-9897-5C7DC206F030} = {0F13D27E-5B03-42D0-8D0B-39180EA2FB64}
		{0A9D9266-9E88-483E-AFEB-5A160183BDA0} = {F8DD401D-211D-46C3-9897-5C7DC206F030}
		{B2BBA230-0AB7-4357-923E-EC8547419877} = {F8DD401D-211D-46C3-9897-5C7DC206F030}
		{E60622D6-8DF7-415B-934C-19C1BCE93151} = {F8DD401D-211D-46C3-9897-5C7DC206F030}
		{688E5313-543D-42BE-BC50-3423612650B8} = {F8DD401D-211D-46C3-9897-5C7DC206F030}
		{0238240E-0D68-4B36-A645-C75C8819C179} = {0F13D27E-5B03-42D0-8D0B-39180EA2FB64}
		{A22773DF-05D4-43B0-8667-A722A50AB723} = {0238240E-0D68-4B36-A645-C75C8819C179}
	EndGlobalSection
EndGlobal
