
Microsoft Visual Studio Solution File, Format Version 12.00
# Visual Studio Version 17
VisualStudioVersion = 17.12.35707.178
MinimumVisualStudioVersion = 10.0.40219.1
Project("{2150E333-8FDC-42A3-9474-1A3956D46DE8}") = "Services", "Services", "{0F13D27E-5B03-42D0-8D0B-39180EA2FB64}"
EndProject
Project("{2150E333-8FDC-42A3-9474-1A3956D46DE8}") = "BuildingBlocks", "BuildingBlocks", "{8D0E236B-BEF5-4972-9E75-896FA0C9614B}"
EndProject
Project("{2150E333-8FDC-42A3-9474-1A3956D46DE8}") = "AuthService", "AuthService", "{FF7A6D8A-4DD1-4DD7-814F-508EED6B2C58}"
EndProject
Project("{FAE04EC0-301F-11D3-BF4B-00C04F79EFBC}") = "AuthService.Api", "AuthService.Api\AuthService.Api.csproj", "{21CA0811-0D8E-415C-A3FC-AED0CE5B8B5D}"
	ProjectSection(ProjectDependencies) = postProject
		{65CABEF4-E7D3-4276-B855-6F54CA0B9C9A} = {65CABEF4-E7D3-4276-B855-6F54CA0B9C9A}
	EndProjectSection
EndProject
Project("{FAE04EC0-301F-11D3-BF4B-00C04F79EFBC}") = "AuthService.Application", "AuthService.Application\AuthService.Application.csproj", "{65CABEF4-E7D3-4276-B855-6F54CA0B9C9A}"
	ProjectSection(ProjectDependencies) = postProject
		{3064C2E7-13C3-4CE7-82D8-8795ABD98CBC} = {3064C2E7-13C3-4CE7-82D8-8795ABD98CBC}
		{9127CBBD-AE54-43D3-9A8B-76092AB22CAD} = {9127CBBD-AE54-43D3-9A8B-76092AB22CAD}
	EndProjectSection
EndProject
Project("{FAE04EC0-301F-11D3-BF4B-00C04F79EFBC}") = "AuthService.Domain", "AuthService.Domain\AuthService.Domain.csproj", "{3064C2E7-13C3-4CE7-82D8-8795ABD98CBC}"
EndProject
Project("{FAE04EC0-301F-11D3-BF4B-00C04F79EFBC}") = "AuthService.Infrastructure", "AuthService.Infrastructure\AuthService.Infrastructure.csproj", "{9127CBBD-AE54-43D3-9A8B-76092AB22CAD}"
	ProjectSection(ProjectDependencies) = postProject
		{3064C2E7-13C3-4CE7-82D8-8795ABD98CBC} = {3064C2E7-13C3-4CE7-82D8-8795ABD98CBC}
	EndProjectSection
EndProject
Project("{2150E333-8FDC-42A3-9474-1A3956D46DE8}") = "AuthorsService", "AuthorsService", "{C9118682-535D-4EC7-A648-675B1B0B4DCF}"
EndProject
Project("{FAE04EC0-301F-11D3-BF4B-00C04F79EFBC}") = "Authors.Api", "Authors.Api\Authors.Api.csproj", "{60B66B27-A160-43D4-A939-4DE3EEC0EA73}"
	ProjectSection(ProjectDependencies) = postProject
		{C46B7CA6-1D24-4FA3-A1EC-0D917ECF5DF1} = {C46B7CA6-1D24-4FA3-A1EC-0D917ECF5DF1}
		{D34693C6-09FA-4FF7-86DC-75AB81F65436} = {D34693C6-09FA-4FF7-86DC-75AB81F65436}
	EndProjectSection
EndProject
Project("{FAE04EC0-301F-11D3-BF4B-00C04F79EFBC}") = "Authors.Application", "Authors.Application\Authors.Application.csproj", "{C46B7CA6-1D24-4FA3-A1EC-0D917ECF5DF1}"
	ProjectSection(ProjectDependencies) = postProject
		{D34693C6-09FA-4FF7-86DC-75AB81F65436} = {D34693C6-09FA-4FF7-86DC-75AB81F65436}
	EndProjectSection
EndProject
Project("{FAE04EC0-301F-11D3-BF4B-00C04F79EFBC}") = "Authors.Domain", "Authors.Domain\Authors.Domain.csproj", "{D34693C6-09FA-4FF7-86DC-75AB81F65436}"
EndProject
Project("{FAE04EC0-301F-11D3-BF4B-00C04F79EFBC}") = "Authors.Infrastructure", "Authors.Infrastructure\Authors.Infrastructure.csproj", "{C9BA3B80-0E14-4331-9287-4535C98537A9}"
	ProjectSection(ProjectDependencies) = postProject
		{C46B7CA6-1D24-4FA3-A1EC-0D917ECF5DF1} = {C46B7CA6-1D24-4FA3-A1EC-0D917ECF5DF1}
		{D34693C6-09FA-4FF7-86DC-75AB81F65436} = {D34693C6-09FA-4FF7-86DC-75AB81F65436}
	EndProjectSection
EndProject
Global
	GlobalSection(SolutionConfigurationPlatforms) = preSolution
		Debug|Any CPU = Debug|Any CPU
		Release|Any CPU = Release|Any CPU
	EndGlobalSection
	GlobalSection(ProjectConfigurationPlatforms) = postSolution
		{21CA0811-0D8E-415C-A3FC-AED0CE5B8B5D}.Debug|Any CPU.ActiveCfg = Debug|Any CPU
		{21CA0811-0D8E-415C-A3FC-AED0CE5B8B5D}.Debug|Any CPU.Build.0 = Debug|Any CPU
		{21CA0811-0D8E-415C-A3FC-AED0CE5B8B5D}.Release|Any CPU.ActiveCfg = Release|Any CPU
		{21CA0811-0D8E-415C-A3FC-AED0CE5B8B5D}.Release|Any CPU.Build.0 = Release|Any CPU
		{65CABEF4-E7D3-4276-B855-6F54CA0B9C9A}.Debug|Any CPU.ActiveCfg = Debug|Any CPU
		{65CABEF4-E7D3-4276-B855-6F54CA0B9C9A}.Debug|Any CPU.Build.0 = Debug|Any CPU
		{65CABEF4-E7D3-4276-B855-6F54CA0B9C9A}.Release|Any CPU.ActiveCfg = Release|Any CPU
		{65CABEF4-E7D3-4276-B855-6F54CA0B9C9A}.Release|Any CPU.Build.0 = Release|Any CPU
		{3064C2E7-13C3-4CE7-82D8-8795ABD98CBC}.Debug|Any CPU.ActiveCfg = Debug|Any CPU
		{3064C2E7-13C3-4CE7-82D8-8795ABD98CBC}.Debug|Any CPU.Build.0 = Debug|Any CPU
		{3064C2E7-13C3-4CE7-82D8-8795ABD98CBC}.Release|Any CPU.ActiveCfg = Release|Any CPU
		{3064C2E7-13C3-4CE7-82D8-8795ABD98CBC}.Release|Any CPU.Build.0 = Release|Any CPU
		{9127CBBD-AE54-43D3-9A8B-76092AB22CAD}.Debug|Any CPU.ActiveCfg = Debug|Any CPU
		{9127CBBD-AE54-43D3-9A8B-76092AB22CAD}.Debug|Any CPU.Build.0 = Debug|Any CPU
		{9127CBBD-AE54-43D3-9A8B-76092AB22CAD}.Release|Any CPU.ActiveCfg = Release|Any CPU
		{9127CBBD-AE54-43D3-9A8B-76092AB22CAD}.Release|Any CPU.Build.0 = Release|Any CPU
		{60B66B27-A160-43D4-A939-4DE3EEC0EA73}.Debug|Any CPU.ActiveCfg = Debug|Any CPU
		{60B66B27-A160-43D4-A939-4DE3EEC0EA73}.Debug|Any CPU.Build.0 = Debug|Any CPU
		{60B66B27-A160-43D4-A939-4DE3EEC0EA73}.Release|Any CPU.ActiveCfg = Release|Any CPU
		{60B66B27-A160-43D4-A939-4DE3EEC0EA73}.Release|Any CPU.Build.0 = Release|Any CPU
		{C46B7CA6-1D24-4FA3-A1EC-0D917ECF5DF1}.Debug|Any CPU.ActiveCfg = Debug|Any CPU
		{C46B7CA6-1D24-4FA3-A1EC-0D917ECF5DF1}.Debug|Any CPU.Build.0 = Debug|Any CPU
		{C46B7CA6-1D24-4FA3-A1EC-0D917ECF5DF1}.Release|Any CPU.ActiveCfg = Release|Any CPU
		{C46B7CA6-1D24-4FA3-A1EC-0D917ECF5DF1}.Release|Any CPU.Build.0 = Release|Any CPU
		{D34693C6-09FA-4FF7-86DC-75AB81F65436}.Debug|Any CPU.ActiveCfg = Debug|Any CPU
		{D34693C6-09FA-4FF7-86DC-75AB81F65436}.Debug|Any CPU.Build.0 = Debug|Any CPU
		{D34693C6-09FA-4FF7-86DC-75AB81F65436}.Release|Any CPU.ActiveCfg = Release|Any CPU
		{D34693C6-09FA-4FF7-86DC-75AB81F65436}.Release|Any CPU.Build.0 = Release|Any CPU
		{C9BA3B80-0E14-4331-9287-4535C98537A9}.Debug|Any CPU.ActiveCfg = Debug|Any CPU
		{C9BA3B80-0E14-4331-9287-4535C98537A9}.Debug|Any CPU.Build.0 = Debug|Any CPU
		{C9BA3B80-0E14-4331-9287-4535C98537A9}.Release|Any CPU.ActiveCfg = Release|Any CPU
		{C9BA3B80-0E14-4331-9287-4535C98537A9}.Release|Any CPU.Build.0 = Release|Any CPU
	EndGlobalSection
	GlobalSection(SolutionProperties) = preSolution
		HideSolutionNode = FALSE
	EndGlobalSection
	GlobalSection(NestedProjects) = preSolution
		{FF7A6D8A-4DD1-4DD7-814F-508EED6B2C58} = {0F13D27E-5B03-42D0-8D0B-39180EA2FB64}
		{21CA0811-0D8E-415C-A3FC-AED0CE5B8B5D} = {FF7A6D8A-4DD1-4DD7-814F-508EED6B2C58}
		{65CABEF4-E7D3-4276-B855-6F54CA0B9C9A} = {FF7A6D8A-4DD1-4DD7-814F-508EED6B2C58}
		{3064C2E7-13C3-4CE7-82D8-8795ABD98CBC} = {FF7A6D8A-4DD1-4DD7-814F-508EED6B2C58}
		{9127CBBD-AE54-43D3-9A8B-76092AB22CAD} = {FF7A6D8A-4DD1-4DD7-814F-508EED6B2C58}
		{C9118682-535D-4EC7-A648-675B1B0B4DCF} = {0F13D27E-5B03-42D0-8D0B-39180EA2FB64}
		{60B66B27-A160-43D4-A939-4DE3EEC0EA73} = {C9118682-535D-4EC7-A648-675B1B0B4DCF}
		{C46B7CA6-1D24-4FA3-A1EC-0D917ECF5DF1} = {C9118682-535D-4EC7-A648-675B1B0B4DCF}
		{D34693C6-09FA-4FF7-86DC-75AB81F65436} = {C9118682-535D-4EC7-A648-675B1B0B4DCF}
		{C9BA3B80-0E14-4331-9287-4535C98537A9} = {C9118682-535D-4EC7-A648-675B1B0B4DCF}
	EndGlobalSection
EndGlobal
