
Microsoft Visual Studio Solution File, Format Version 12.00
# Visual Studio Version 17
VisualStudioVersion = 17.12.35707.178 d17.12
MinimumVisualStudioVersion = 10.0.40219.1
Project("{2150E333-8FDC-42A3-9474-1A3956D46DE8}") = "Services", "Services", "{0F13D27E-5B03-42D0-8D0B-39180EA2FB64}"
EndProject
Project("{2150E333-8FDC-42A3-9474-1A3956D46DE8}") = "BuildingBlocks", "BuildingBlocks", "{8D0E236B-BEF5-4972-9E75-896FA0C9614B}"
EndProject
Project("{2150E333-8FDC-42A3-9474-1A3956D46DE8}") = "AuthService", "AuthService", "{FF7A6D8A-4DD1-4DD7-814F-508EED6B2C58}"
EndProject
Project("{FAE04EC0-301F-11D3-BF4B-00C04F79EFBC}") = "AuthService.Api", "AuthService.Api\AuthService.Api.csproj", "{21CA0811-0D8E-415C-A3FC-AED0CE5B8B5D}"
	ProjectSection(ProjectDependencies) = postProject
		{65CABEF4-E7D3-4276-B855-6F54CA0B9C9A} = {65CABEF4-E7D3-4276-B855-6F54CA0B9C9A}
	EndProjectSection
EndProject
Project("{FAE04EC0-301F-11D3-BF4B-00C04F79EFBC}") = "AuthService.Application", "AuthService.Application\AuthService.Application.csproj", "{65CABEF4-E7D3-4276-B855-6F54CA0B9C9A}"
	ProjectSection(ProjectDependencies) = postProject
		{3064C2E7-13C3-4CE7-82D8-8795ABD98CBC} = {3064C2E7-13C3-4CE7-82D8-8795ABD98CBC}
		{9127CBBD-AE54-43D3-9A8B-76092AB22CAD} = {9127CBBD-AE54-43D3-9A8B-76092AB22CAD}
	EndProjectSection
EndProject
Project("{FAE04EC0-301F-11D3-BF4B-00C04F79EFBC}") = "AuthService.Domain", "AuthService.Domain\AuthService.Domain.csproj", "{3064C2E7-13C3-4CE7-82D8-8795ABD98CBC}"
EndProject
Project("{FAE04EC0-301F-11D3-BF4B-00C04F79EFBC}") = "AuthService.Infrastructure", "AuthService.Infrastructure\AuthService.Infrastructure.csproj", "{9127CBBD-AE54-43D3-9A8B-76092AB22CAD}"
	ProjectSection(ProjectDependencies) = postProject
		{3064C2E7-13C3-4CE7-82D8-8795ABD98CBC} = {3064C2E7-13C3-4CE7-82D8-8795ABD98CBC}
	EndProjectSection
EndProject
Global
	GlobalSection(SolutionConfigurationPlatforms) = preSolution
		Debug|Any CPU = Debug|Any CPU
		Release|Any CPU = Release|Any CPU
	EndGlobalSection
	GlobalSection(ProjectConfigurationPlatforms) = postSolution
		{21CA0811-0D8E-415C-A3FC-AED0CE5B8B5D}.Debug|Any CPU.ActiveCfg = Debug|Any CPU
		{21CA0811-0D8E-415C-A3FC-AED0CE5B8B5D}.Debug|Any CPU.Build.0 = Debug|Any CPU
		{21CA0811-0D8E-415C-A3FC-AED0CE5B8B5D}.Release|Any CPU.ActiveCfg = Release|Any CPU
		{21CA0811-0D8E-415C-A3FC-AED0CE5B8B5D}.Release|Any CPU.Build.0 = Release|Any CPU
		{65CABEF4-E7D3-4276-B855-6F54CA0B9C9A}.Debug|Any CPU.ActiveCfg = Debug|Any CPU
		{65CABEF4-E7D3-4276-B855-6F54CA0B9C9A}.Debug|Any CPU.Build.0 = Debug|Any CPU
		{65CABEF4-E7D3-4276-B855-6F54CA0B9C9A}.Release|Any CPU.ActiveCfg = Release|Any CPU
		{65CABEF4-E7D3-4276-B855-6F54CA0B9C9A}.Release|Any CPU.Build.0 = Release|Any CPU
		{3064C2E7-13C3-4CE7-82D8-8795ABD98CBC}.Debug|Any CPU.ActiveCfg = Debug|Any CPU
		{3064C2E7-13C3-4CE7-82D8-8795ABD98CBC}.Debug|Any CPU.Build.0 = Debug|Any CPU
		{3064C2E7-13C3-4CE7-82D8-8795ABD98CBC}.Release|Any CPU.ActiveCfg = Release|Any CPU
		{3064C2E7-13C3-4CE7-82D8-8795ABD98CBC}.Release|Any CPU.Build.0 = Release|Any CPU
		{9127CBBD-AE54-43D3-9A8B-76092AB22CAD}.Debug|Any CPU.ActiveCfg = Debug|Any CPU
		{9127CBBD-AE54-43D3-9A8B-76092AB22CAD}.Debug|Any CPU.Build.0 = Debug|Any CPU
		{9127CBBD-AE54-43D3-9A8B-76092AB22CAD}.Release|Any CPU.ActiveCfg = Release|Any CPU
		{9127CBBD-AE54-43D3-9A8B-76092AB22CAD}.Release|Any CPU.Build.0 = Release|Any CPU
	EndGlobalSection
	GlobalSection(SolutionProperties) = preSolution
		HideSolutionNode = FALSE
	EndGlobalSection
	GlobalSection(NestedProjects) = preSolution
		{FF7A6D8A-4DD1-4DD7-814F-508EED6B2C58} = {0F13D27E-5B03-42D0-8D0B-39180EA2FB64}
		{21CA0811-0D8E-415C-A3FC-AED0CE5B8B5D} = {FF7A6D8A-4DD1-4DD7-814F-508EED6B2C58}
		{65CABEF4-E7D3-4276-B855-6F54CA0B9C9A} = {FF7A6D8A-4DD1-4DD7-814F-508EED6B2C58}
		{3064C2E7-13C3-4CE7-82D8-8795ABD98CBC} = {FF7A6D8A-4DD1-4DD7-814F-508EED6B2C58}
		{9127CBBD-AE54-43D3-9A8B-76092AB22CAD} = {FF7A6D8A-4DD1-4DD7-814F-508EED6B2C58}
	EndGlobalSection
EndGlobal
